
Microsoft Visual Studio Solution File, Format Version 12.00
# Visual Studio Version 17
VisualStudioVersion = 17.14.36518.9 d17.14
MinimumVisualStudioVersion = 10.0.40219.1
Project("{FAE04EC0-301F-11D3-BF4B-00C04F79EFBC}") = "ChameleonImageEditor", "ChameleonImageEditor\ChameleonImageEditor.csproj", "{D43A7B6F-7F45-472D-BF47-B589D5337625}"
EndProject
Global
	GlobalSection(SolutionConfigurationPlatforms) = preSolution
		Debug|Any CPU = Debug|Any CPU
		Release|Any CPU = Release|Any CPU
	EndGlobalSection
	GlobalSection(ProjectConfigurationPlatforms) = postSolution
		{D43A7B6F-7F45-472D-BF47-B589D5337625}.Debug|Any CPU.ActiveCfg = Debug|Any CPU
		{D43A7B6F-7F45-472D-BF47-B589D5337625}.Debug|Any CPU.Build.0 = Debug|Any CPU
		{D43A7B6F-7F45-472D-BF47-B589D5337625}.Release|Any CPU.ActiveCfg = Release|Any CPU
		{D43A7B6F-7F45-472D-BF47-B589D5337625}.Release|Any CPU.Build.0 = Release|Any CPU
	EndGlobalSection
	GlobalSection(SolutionProperties) = preSolution
		HideSolutionNode = FALSE
	EndGlobalSection
	GlobalSection(ExtensibilityGlobals) = postSolution
		SolutionGuid = {D61CD603-8524-42A0-9EFB-99A248CBC8C7}
	EndGlobalSection
EndGlobal
