
Microsoft Visual Studio Solution File, Format Version 12.00
# Visual Studio Version 17
VisualStudioVersion = 17.14.36518.9
MinimumVisualStudioVersion = 10.0.40219.1
Project("{FAE04EC0-301F-11D3-BF4B-00C04F79EFBC}") = "ChameleonPhotoredactor", "ChameleonPhotoredactor\ChameleonPhotoredactor.csproj", "{EBAFDE51-7351-464F-9FD2-74371B3B6DBA}"
EndProject
Global
	GlobalSection(SolutionConfigurationPlatforms) = preSolution
		Debug|Any CPU = Debug|Any CPU
		Release|Any CPU = Release|Any CPU
	EndGlobalSection
	GlobalSection(ProjectConfigurationPlatforms) = postSolution
		{EBAFDE51-7351-464F-9FD2-74371B3B6DBA}.Debug|Any CPU.ActiveCfg = Debug|Any CPU
		{EBAFDE51-7351-464F-9FD2-74371B3B6DBA}.Debug|Any CPU.Build.0 = Debug|Any CPU
		{EBAFDE51-7351-464F-9FD2-74371B3B6DBA}.Release|Any CPU.ActiveCfg = Release|Any CPU
		{EBAFDE51-7351-464F-9FD2-74371B3B6DBA}.Release|Any CPU.Build.0 = Release|Any CPU
	EndGlobalSection
	GlobalSection(SolutionProperties) = preSolution
		HideSolutionNode = FALSE
	EndGlobalSection
	GlobalSection(ExtensibilityGlobals) = postSolution
		SolutionGuid = {E663ABD5-DAA6-4DC4-A26A-5B56CAED7653}
	EndGlobalSection
EndGlobal
